
Microsoft Visual Studio Solution File, Format Version 12.00
# Visual Studio Version 17
VisualStudioVersion = 17.10.34916.146
MinimumVisualStudioVersion = 10.0.40219.1
Project("{9A19103F-16F7-4668-BE54-9A1E7A4F7556}") = "The cheapest prices", "The cheapest prices\The cheapest prices.csproj", "{ABE36F72-4144-4A30-913F-37E353E23195}"
EndProject
Global
	GlobalSection(SolutionConfigurationPlatforms) = preSolution
		Debug|Any CPU = Debug|Any CPU
		Release|Any CPU = Release|Any CPU
	EndGlobalSection
	GlobalSection(ProjectConfigurationPlatforms) = postSolution
		{ABE36F72-4144-4A30-913F-37E353E23195}.Debug|Any CPU.ActiveCfg = Debug|Any CPU
		{ABE36F72-4144-4A30-913F-37E353E23195}.Debug|Any CPU.Build.0 = Debug|Any CPU
		{ABE36F72-4144-4A30-913F-37E353E23195}.Release|Any CPU.ActiveCfg = Release|Any CPU
		{ABE36F72-4144-4A30-913F-37E353E23195}.Release|Any CPU.Build.0 = Release|Any CPU
	EndGlobalSection
	GlobalSection(SolutionProperties) = preSolution
		HideSolutionNode = FALSE
	EndGlobalSection
	GlobalSection(ExtensibilityGlobals) = postSolution
		SolutionGuid = {A8D0ED2D-D714-4A49-A9EB-D7E456A6542F}
	EndGlobalSection
EndGlobal
